
Microsoft Visual Studio Solution File, Format Version 12.00
# Visual Studio 2012
Project("{FAE04EC0-301F-11D3-BF4B-00C04F79EFBC}") = "PhotoStackBinding", "PhotoStackBinding\PhotoStackBinding.csproj", "{49EBD364-1777-4BDE-A2B8-8A8129E189D9}"
EndProject
Project("{FAE04EC0-301F-11D3-BF4B-00C04F79EFBC}") = "Test1", "Test1\Test1.csproj", "{6D30AD8C-7300-46FD-AEB1-D81A08F5A597}"
EndProject
Global
	GlobalSection(SolutionConfigurationPlatforms) = preSolution
		Debug|iPhoneSimulator = Debug|iPhoneSimulator
		Release|iPhoneSimulator = Release|iPhoneSimulator
		Debug|iPhone = Debug|iPhone
		Release|iPhone = Release|iPhone
		Ad-Hoc|iPhone = Ad-Hoc|iPhone
		AppStore|iPhone = AppStore|iPhone
	EndGlobalSection
	GlobalSection(ProjectConfigurationPlatforms) = postSolution
		{49EBD364-1777-4BDE-A2B8-8A8129E189D9}.Ad-Hoc|iPhone.ActiveCfg = Release|Any CPU
		{49EBD364-1777-4BDE-A2B8-8A8129E189D9}.Ad-Hoc|iPhone.Build.0 = Release|Any CPU
		{49EBD364-1777-4BDE-A2B8-8A8129E189D9}.AppStore|iPhone.ActiveCfg = Release|Any CPU
		{49EBD364-1777-4BDE-A2B8-8A8129E189D9}.AppStore|iPhone.Build.0 = Release|Any CPU
		{49EBD364-1777-4BDE-A2B8-8A8129E189D9}.Debug|iPhone.ActiveCfg = Debug|Any CPU
		{49EBD364-1777-4BDE-A2B8-8A8129E189D9}.Debug|iPhone.Build.0 = Debug|Any CPU
		{49EBD364-1777-4BDE-A2B8-8A8129E189D9}.Debug|iPhoneSimulator.ActiveCfg = Debug|Any CPU
		{49EBD364-1777-4BDE-A2B8-8A8129E189D9}.Debug|iPhoneSimulator.Build.0 = Debug|Any CPU
		{49EBD364-1777-4BDE-A2B8-8A8129E189D9}.Release|iPhone.ActiveCfg = Release|Any CPU
		{49EBD364-1777-4BDE-A2B8-8A8129E189D9}.Release|iPhone.Build.0 = Release|Any CPU
		{49EBD364-1777-4BDE-A2B8-8A8129E189D9}.Release|iPhoneSimulator.ActiveCfg = Release|Any CPU
		{49EBD364-1777-4BDE-A2B8-8A8129E189D9}.Release|iPhoneSimulator.Build.0 = Release|Any CPU
		{6D30AD8C-7300-46FD-AEB1-D81A08F5A597}.Ad-Hoc|iPhone.ActiveCfg = Ad-Hoc|iPhone
		{6D30AD8C-7300-46FD-AEB1-D81A08F5A597}.Ad-Hoc|iPhone.Build.0 = Ad-Hoc|iPhone
		{6D30AD8C-7300-46FD-AEB1-D81A08F5A597}.AppStore|iPhone.ActiveCfg = AppStore|iPhone
		{6D30AD8C-7300-46FD-AEB1-D81A08F5A597}.AppStore|iPhone.Build.0 = AppStore|iPhone
		{6D30AD8C-7300-46FD-AEB1-D81A08F5A597}.Debug|iPhone.ActiveCfg = Debug|iPhone
		{6D30AD8C-7300-46FD-AEB1-D81A08F5A597}.Debug|iPhone.Build.0 = Debug|iPhone
		{6D30AD8C-7300-46FD-AEB1-D81A08F5A597}.Debug|iPhoneSimulator.ActiveCfg = Debug|iPhoneSimulator
		{6D30AD8C-7300-46FD-AEB1-D81A08F5A597}.Debug|iPhoneSimulator.Build.0 = Debug|iPhoneSimulator
		{6D30AD8C-7300-46FD-AEB1-D81A08F5A597}.Release|iPhone.ActiveCfg = Release|iPhone
		{6D30AD8C-7300-46FD-AEB1-D81A08F5A597}.Release|iPhone.Build.0 = Release|iPhone
		{6D30AD8C-7300-46FD-AEB1-D81A08F5A597}.Release|iPhoneSimulator.ActiveCfg = Release|iPhoneSimulator
		{6D30AD8C-7300-46FD-AEB1-D81A08F5A597}.Release|iPhoneSimulator.Build.0 = Release|iPhoneSimulator
	EndGlobalSection
	GlobalSection(MonoDevelopProperties) = preSolution
		StartupItem = Test1\Test1.csproj
	EndGlobalSection
EndGlobal
