
Microsoft Visual Studio Solution File, Format Version 11.00
# Visual Studio 2010
Project("{FAE04EC0-301F-11D3-BF4B-00C04F79EFBC}") = "Alipay.Droid", "Alipay.Droid.csproj", "{89460B41-F520-4CEF-89FB-33DECD190520}"
EndProject
Global
	GlobalSection(SolutionConfigurationPlatforms) = preSolution
		Debug|Any CPU = Debug|Any CPU
		Release|Any CPU = Release|Any CPU
	EndGlobalSection
	GlobalSection(ProjectConfigurationPlatforms) = postSolution
		{89460B41-F520-4CEF-89FB-33DECD190520}.Debug|Any CPU.ActiveCfg = Debug|Any CPU
		{89460B41-F520-4CEF-89FB-33DECD190520}.Debug|Any CPU.Build.0 = Debug|Any CPU
		{89460B41-F520-4CEF-89FB-33DECD190520}.Release|Any CPU.ActiveCfg = Release|Any CPU
		{89460B41-F520-4CEF-89FB-33DECD190520}.Release|Any CPU.Build.0 = Release|Any CPU
	EndGlobalSection
EndGlobal
