
Microsoft Visual Studio Solution File, Format Version 12.00
# Visual Studio 2012
Project("{FAE04EC0-301F-11D3-BF4B-00C04F79EFBC}") = "JPushBinding.iOS", "Movies\JPushBinding.iOS\JPush\JPushBinding.iOS.csproj", "{D36EC782-494E-4939-864D-B1321A511890}"
EndProject
Project("{FAE04EC0-301F-11D3-BF4B-00C04F79EFBC}") = "CrossUI.Touch", "..\..\BabyBusMvvmCross\CrossUI\CrossUI.Touch\CrossUI.Touch.csproj", "{371B2408-732A-40CA-8242-70DBC17F9825}"
EndProject
Project("{FAE04EC0-301F-11D3-BF4B-00C04F79EFBC}") = "CrossUI.Core", "..\..\BabyBusMvvmCross\CrossUI\CrossUI.Core\CrossUI.Core.csproj", "{D9CBBFFE-57E8-4E97-9E16-C34BC4C52827}"
EndProject
Project("{FAE04EC0-301F-11D3-BF4B-00C04F79EFBC}") = "Cirrious.CrossCore", "..\..\BabyBusMvvmCross\CrossCore\Cirrious.CrossCore\Cirrious.CrossCore.csproj", "{CFF6F25A-3C3B-44EE-A54C-2ED4AAFF3ADB}"
EndProject
Project("{FAE04EC0-301F-11D3-BF4B-00C04F79EFBC}") = "Cirrious.CrossCore.Touch", "..\..\BabyBusMvvmCross\CrossCore\Cirrious.CrossCore.Touch\Cirrious.CrossCore.Touch.csproj", "{BBBCD850-E7CB-4B6C-86D9-CE01F2B1C81C}"
EndProject
Project("{FAE04EC0-301F-11D3-BF4B-00C04F79EFBC}") = "Cirrious.MvvmCross", "..\..\BabyBusMvvmCross\Cirrious\Cirrious.MvvmCross\Cirrious.MvvmCross.csproj", "{B6E27475-E7D0-448C-A5CC-5097DCA1E2DD}"
EndProject
Project("{FAE04EC0-301F-11D3-BF4B-00C04F79EFBC}") = "Cirrious.MvvmCross.Touch", "..\..\BabyBusMvvmCross\Cirrious\Cirrious.MvvmCross.Touch\Cirrious.MvvmCross.Touch.csproj", "{E042EDD9-E89D-4928-BF4D-27F0FC29CEDA}"
EndProject
Project("{FAE04EC0-301F-11D3-BF4B-00C04F79EFBC}") = "Cirrious.MvvmCross.Binding.Touch", "..\..\BabyBusMvvmCross\Cirrious\Cirrious.MvvmCross.Binding.Touch\Cirrious.MvvmCross.Binding.Touch.csproj", "{913B13B5-7B2C-4DDA-BECB-DADC827ED895}"
EndProject
Project("{FAE04EC0-301F-11D3-BF4B-00C04F79EFBC}") = "Cirrious.MvvmCross.Dialog.Touch", "..\..\BabyBusMvvmCross\Cirrious\Cirrious.MvvmCross.Dialog.Touch\Cirrious.MvvmCross.Dialog.Touch.csproj", "{F073E4F8-E0B6-43E7-84C1-B71AE4BEA0E0}"
EndProject
Project("{FAE04EC0-301F-11D3-BF4B-00C04F79EFBC}") = "Cirrious.MvvmCross.Binding", "..\..\BabyBusMvvmCross\Cirrious\Cirrious.MvvmCross.Binding\Cirrious.MvvmCross.Binding.csproj", "{64DCD397-9019-41E8-A928-E5F5C5DF185B}"
EndProject
Project("{FAE04EC0-301F-11D3-BF4B-00C04F79EFBC}") = "Cirrious.MvvmCross.Plugins.PictureChooser", "..\..\BabyBusMvvmCross\Plugins\Cirrious\PictureChooser\Cirrious.MvvmCross.Plugins.PictureChooser\Cirrious.MvvmCross.Plugins.PictureChooser.csproj", "{A6C9F4EF-F26E-4D54-A0D6-49A6373CB0D2}"
EndProject
Project("{FAE04EC0-301F-11D3-BF4B-00C04F79EFBC}") = "Cirrious.MvvmCross.Plugins.PictureChooser.Touch", "..\..\BabyBusMvvmCross\Plugins\Cirrious\PictureChooser\Cirrious.MvvmCross.Plugins.PictureChooser.Touch\Cirrious.MvvmCross.Plugins.PictureChooser.Touch.csproj", "{BCB3340E-5833-4132-901C-93A6B4C0758A}"
EndProject
Project("{FAE04EC0-301F-11D3-BF4B-00C04F79EFBC}") = "Cirrious.MvvmCross.Plugins.Sqlite", "..\..\BabyBusMvvmCross\Plugins\Cirrious\Sqlite\Cirrious.MvvmCross.Plugins.Sqlite\Cirrious.MvvmCross.Plugins.Sqlite.csproj", "{72654B8A-5F78-4BDF-BFBB-057DDDF314F1}"
EndProject
Project("{FAE04EC0-301F-11D3-BF4B-00C04F79EFBC}") = "Cirrious.MvvmCross.Plugins.Sqlite.Touch", "..\..\BabyBusMvvmCross\Plugins\Cirrious\Sqlite\Cirrious.MvvmCross.Plugins.Sqlite.Touch\Cirrious.MvvmCross.Plugins.Sqlite.Touch.csproj", "{4D6572A6-628A-4C50-9056-D3A9A42C8D7F}"
EndProject
Project("{FAE04EC0-301F-11D3-BF4B-00C04F79EFBC}") = "ImageEffects", "Movies\ImageEffectsBinding.iOS\ImageEffects.csproj", "{3127924D-F312-4C25-BA8F-273925052B96}"
EndProject
Project("{FAE04EC0-301F-11D3-BF4B-00C04F79EFBC}") = "Cirrious.MvvmCross.Plugins.Messenger", "..\..\BabyBusMvvmCross\Plugins\Cirrious\Messenger\Cirrious.MvvmCross.Plugins.Messenger\Cirrious.MvvmCross.Plugins.Messenger.csproj", "{299C250C-50E4-4522-AADC-C31B9AAC62D3}"
EndProject
Project("{FAE04EC0-301F-11D3-BF4B-00C04F79EFBC}") = "ELCImagePickerControllerBinding", "Movies\ELCImagePickerControllerBinding.iOS\ELCImagePickerControllerBinding\ELCImagePickerControllerBinding.csproj", "{3774212A-99DD-4A28-B29D-A9BC72828E4B}"
EndProject
Project("{FAE04EC0-301F-11D3-BF4B-00C04F79EFBC}") = "ImageCropperBinding.iOS", "Movies\ImageCropperBinding.iOS\ImageCropperBinding.iOS\ImageCropperBinding.iOS.csproj", "{3942D6DC-C9C1-4E23-AB3E-DD8ACE6BD009}"
EndProject
Project("{FAE04EC0-301F-11D3-BF4B-00C04F79EFBC}") = "CircleButtonBinding.iOS", "Movies\CircleButtonBinding.iOS\CircleButtonBinding\CircleButtonBinding.iOS.csproj", "{BA7298B2-BDF5-43E0-9CBB-ADD819B09232}"
EndProject
Project("{FAE04EC0-301F-11D3-BF4B-00C04F79EFBC}") = "BabyBus.Teacher.Touch", "Movies\Babybus.Teacher.Touch\BabyBus.Teacher.Touch.csproj", "{12040E99-FBFE-38B0-90F3-60E044AA8CCE}"
EndProject
Project("{FAE04EC0-301F-11D3-BF4B-00C04F79EFBC}") = "BabyBus.Parent.Touch", "Movies\Babybus.Parent.Touch\BabyBus.Parent.Touch.csproj", "{82C953F1-138A-478F-A558-424804DEA843}"
EndProject
Project("{FAE04EC0-301F-11D3-BF4B-00C04F79EFBC}") = "TaskTest", "TaskTest\TaskTest.csproj", "{CC099F6E-3375-4546-9911-E56722922AA1}"
EndProject
Project("{FAE04EC0-301F-11D3-BF4B-00C04F79EFBC}") = "BabyBus.Master.Touch", "Movies\Babybus.Master.Touch\BabyBus.Master.Touch.csproj", "{52F34657-B5E8-4FC7-A7F9-B767319AAF98}"
EndProject
Project("{D954291E-2A0B-460D-934E-DC6B0785DB48}") = "BabyBus.UI.Shared", "UITouchShared\BabyBus.UI.Shared.shproj", "{CE5D3D96-5DA0-4738-AB87-9718568628E4}"
EndProject
Project("{D954291E-2A0B-460D-934E-DC6B0785DB48}") = "BabyBus.Logic.Shared", "BabyBus.Logic.Shared\BabyBus.Logic.Shared.shproj", "{C8F8AF4F-6CF4-4380-84D1-613031089765}"
EndProject
Project("{FAE04EC0-301F-11D3-BF4B-00C04F79EFBC}") = "MWPhotoBrowser", "Movies\MWPhotoBrowser-monotouch-master\MWPhotoBrowser\MWPhotoBrowser.csproj", "{DF573A26-B2E1-4683-83AC-0D6BDCF765A9}"
EndProject
Project("{FAE04EC0-301F-11D3-BF4B-00C04F79EFBC}") = "BabyBus.Utilities.Touch", "Utilities.Touch\BabyBus.Utilities.Touch.csproj", "{D1E1149A-F030-4B0F-944F-E9611A0E89C8}"
EndProject
Project("{D954291E-2A0B-460D-934E-DC6B0785DB48}") = "RadialProgress.iOS.Shared", "Movies\RadialProgress.iOS\RadialProgress.iOS.Shared\RadialProgress.iOS.Shared.shproj", "{92C94303-8C0B-4A4C-883C-80C97EE00FA7}"
EndProject
Project("{FAE04EC0-301F-11D3-BF4B-00C04F79EFBC}") = "BTProgressHUD", "Movies\BTProgressHUD.iOS\BTProgressHUD\BTProgressHUD.csproj", "{8ECDFDC5-42D0-4540-9691-830EEB2ED874}"
EndProject
Project("{FAE04EC0-301F-11D3-BF4B-00C04F79EFBC}") = "WeixinPayBinding.iOS", "Movies\WeixinPayBinding.iOS\WeixinPayBinding.iOS.csproj", "{FBE47D69-825B-499B-B1B6-D3EE117901BF}"
EndProject
Project("{FAE04EC0-301F-11D3-BF4B-00C04F79EFBC}") = "AliPayBinding.iOS", "Movies\AliPayBinding.iOS\AliPayBinding.iOS.csproj", "{58A1401E-34C2-4486-80E3-E346BABA12B6}"
EndProject
Global
	GlobalSection(SolutionConfigurationPlatforms) = preSolution
		Debug|iPhoneSimulator = Debug|iPhoneSimulator
		Release|iPhoneSimulator = Release|iPhoneSimulator
		Debug|iPhone = Debug|iPhone
		Release|iPhone = Release|iPhone
		Ad-Hoc|iPhone = Ad-Hoc|iPhone
		AppStore|iPhone = AppStore|iPhone
		Android_Debug|Any CPU = Android_Debug|Any CPU
	EndGlobalSection
	GlobalSection(ProjectConfigurationPlatforms) = postSolution
		{12040E99-FBFE-38B0-90F3-60E044AA8CCE}.Ad-Hoc|iPhone.ActiveCfg = Ad-Hoc|iPhone
		{12040E99-FBFE-38B0-90F3-60E044AA8CCE}.Ad-Hoc|iPhone.Build.0 = Ad-Hoc|iPhone
		{12040E99-FBFE-38B0-90F3-60E044AA8CCE}.Android_Debug|Any CPU.ActiveCfg = Debug|iPhoneSimulator
		{12040E99-FBFE-38B0-90F3-60E044AA8CCE}.Android_Debug|Any CPU.Build.0 = Debug|iPhoneSimulator
		{12040E99-FBFE-38B0-90F3-60E044AA8CCE}.AppStore|iPhone.ActiveCfg = AppStore|iPhone
		{12040E99-FBFE-38B0-90F3-60E044AA8CCE}.AppStore|iPhone.Build.0 = AppStore|iPhone
		{12040E99-FBFE-38B0-90F3-60E044AA8CCE}.Debug|iPhone.ActiveCfg = Debug|iPhone
		{12040E99-FBFE-38B0-90F3-60E044AA8CCE}.Debug|iPhone.Build.0 = Debug|iPhone
		{12040E99-FBFE-38B0-90F3-60E044AA8CCE}.Debug|iPhoneSimulator.ActiveCfg = Debug|iPhoneSimulator
		{12040E99-FBFE-38B0-90F3-60E044AA8CCE}.Debug|iPhoneSimulator.Build.0 = Debug|iPhoneSimulator
		{12040E99-FBFE-38B0-90F3-60E044AA8CCE}.Release|iPhone.ActiveCfg = Release|iPhone
		{12040E99-FBFE-38B0-90F3-60E044AA8CCE}.Release|iPhone.Build.0 = Release|iPhone
		{12040E99-FBFE-38B0-90F3-60E044AA8CCE}.Release|iPhoneSimulator.ActiveCfg = Release|iPhoneSimulator
		{12040E99-FBFE-38B0-90F3-60E044AA8CCE}.Release|iPhoneSimulator.Build.0 = Release|iPhoneSimulator
		{299C250C-50E4-4522-AADC-C31B9AAC62D3}.Ad-Hoc|iPhone.ActiveCfg = Release|Any CPU
		{299C250C-50E4-4522-AADC-C31B9AAC62D3}.Ad-Hoc|iPhone.Build.0 = Release|Any CPU
		{299C250C-50E4-4522-AADC-C31B9AAC62D3}.Android_Debug|Any CPU.ActiveCfg = Debug|Any CPU
		{299C250C-50E4-4522-AADC-C31B9AAC62D3}.Android_Debug|Any CPU.Build.0 = Debug|Any CPU
		{299C250C-50E4-4522-AADC-C31B9AAC62D3}.AppStore|iPhone.ActiveCfg = Release|Any CPU
		{299C250C-50E4-4522-AADC-C31B9AAC62D3}.AppStore|iPhone.Build.0 = Release|Any CPU
		{299C250C-50E4-4522-AADC-C31B9AAC62D3}.Debug|iPhone.ActiveCfg = Debug|Any CPU
		{299C250C-50E4-4522-AADC-C31B9AAC62D3}.Debug|iPhone.Build.0 = Debug|Any CPU
		{299C250C-50E4-4522-AADC-C31B9AAC62D3}.Debug|iPhoneSimulator.ActiveCfg = Debug|Any CPU
		{299C250C-50E4-4522-AADC-C31B9AAC62D3}.Debug|iPhoneSimulator.Build.0 = Debug|Any CPU
		{299C250C-50E4-4522-AADC-C31B9AAC62D3}.Release|iPhone.ActiveCfg = Release|Any CPU
		{299C250C-50E4-4522-AADC-C31B9AAC62D3}.Release|iPhone.Build.0 = Release|Any CPU
		{299C250C-50E4-4522-AADC-C31B9AAC62D3}.Release|iPhoneSimulator.ActiveCfg = Release|Any CPU
		{299C250C-50E4-4522-AADC-C31B9AAC62D3}.Release|iPhoneSimulator.Build.0 = Release|Any CPU
		{3127924D-F312-4C25-BA8F-273925052B96}.Ad-Hoc|iPhone.ActiveCfg = Release|Any CPU
		{3127924D-F312-4C25-BA8F-273925052B96}.Ad-Hoc|iPhone.Build.0 = Release|Any CPU
		{3127924D-F312-4C25-BA8F-273925052B96}.Android_Debug|Any CPU.ActiveCfg = Debug|Any CPU
		{3127924D-F312-4C25-BA8F-273925052B96}.AppStore|iPhone.ActiveCfg = Release|Any CPU
		{3127924D-F312-4C25-BA8F-273925052B96}.AppStore|iPhone.Build.0 = Release|Any CPU
		{3127924D-F312-4C25-BA8F-273925052B96}.Debug|iPhone.ActiveCfg = Debug|Any CPU
		{3127924D-F312-4C25-BA8F-273925052B96}.Debug|iPhone.Build.0 = Debug|Any CPU
		{3127924D-F312-4C25-BA8F-273925052B96}.Debug|iPhoneSimulator.ActiveCfg = Debug|Any CPU
		{3127924D-F312-4C25-BA8F-273925052B96}.Debug|iPhoneSimulator.Build.0 = Debug|Any CPU
		{3127924D-F312-4C25-BA8F-273925052B96}.Release|iPhone.ActiveCfg = Release|Any CPU
		{3127924D-F312-4C25-BA8F-273925052B96}.Release|iPhone.Build.0 = Release|Any CPU
		{3127924D-F312-4C25-BA8F-273925052B96}.Release|iPhoneSimulator.ActiveCfg = Release|Any CPU
		{3127924D-F312-4C25-BA8F-273925052B96}.Release|iPhoneSimulator.Build.0 = Release|Any CPU
		{371B2408-732A-40CA-8242-70DBC17F9825}.Ad-Hoc|iPhone.ActiveCfg = Release|Any CPU
		{371B2408-732A-40CA-8242-70DBC17F9825}.Ad-Hoc|iPhone.Build.0 = Release|Any CPU
		{371B2408-732A-40CA-8242-70DBC17F9825}.Android_Debug|Any CPU.ActiveCfg = Android_Debug|Any CPU
		{371B2408-732A-40CA-8242-70DBC17F9825}.AppStore|iPhone.ActiveCfg = Release|Any CPU
		{371B2408-732A-40CA-8242-70DBC17F9825}.AppStore|iPhone.Build.0 = Release|Any CPU
		{371B2408-732A-40CA-8242-70DBC17F9825}.Debug|iPhone.ActiveCfg = Debug|Any CPU
		{371B2408-732A-40CA-8242-70DBC17F9825}.Debug|iPhone.Build.0 = Debug|Any CPU
		{371B2408-732A-40CA-8242-70DBC17F9825}.Debug|iPhoneSimulator.ActiveCfg = Debug|Any CPU
		{371B2408-732A-40CA-8242-70DBC17F9825}.Debug|iPhoneSimulator.Build.0 = Debug|Any CPU
		{371B2408-732A-40CA-8242-70DBC17F9825}.Release|iPhone.ActiveCfg = Release|Any CPU
		{371B2408-732A-40CA-8242-70DBC17F9825}.Release|iPhone.Build.0 = Release|Any CPU
		{371B2408-732A-40CA-8242-70DBC17F9825}.Release|iPhoneSimulator.ActiveCfg = Release|Any CPU
		{371B2408-732A-40CA-8242-70DBC17F9825}.Release|iPhoneSimulator.Build.0 = Release|Any CPU
		{3774212A-99DD-4A28-B29D-A9BC72828E4B}.Ad-Hoc|iPhone.ActiveCfg = Release|Any CPU
		{3774212A-99DD-4A28-B29D-A9BC72828E4B}.Ad-Hoc|iPhone.Build.0 = Release|Any CPU
		{3774212A-99DD-4A28-B29D-A9BC72828E4B}.Android_Debug|Any CPU.ActiveCfg = Debug|Any CPU
		{3774212A-99DD-4A28-B29D-A9BC72828E4B}.AppStore|iPhone.ActiveCfg = Release|Any CPU
		{3774212A-99DD-4A28-B29D-A9BC72828E4B}.AppStore|iPhone.Build.0 = Release|Any CPU
		{3774212A-99DD-4A28-B29D-A9BC72828E4B}.Debug|iPhone.ActiveCfg = Debug|Any CPU
		{3774212A-99DD-4A28-B29D-A9BC72828E4B}.Debug|iPhone.Build.0 = Debug|Any CPU
		{3774212A-99DD-4A28-B29D-A9BC72828E4B}.Debug|iPhoneSimulator.ActiveCfg = Debug|Any CPU
		{3774212A-99DD-4A28-B29D-A9BC72828E4B}.Debug|iPhoneSimulator.Build.0 = Debug|Any CPU
		{3774212A-99DD-4A28-B29D-A9BC72828E4B}.Release|iPhone.ActiveCfg = Release|Any CPU
		{3774212A-99DD-4A28-B29D-A9BC72828E4B}.Release|iPhone.Build.0 = Release|Any CPU
		{3774212A-99DD-4A28-B29D-A9BC72828E4B}.Release|iPhoneSimulator.ActiveCfg = Release|Any CPU
		{3774212A-99DD-4A28-B29D-A9BC72828E4B}.Release|iPhoneSimulator.Build.0 = Release|Any CPU
		{3942D6DC-C9C1-4E23-AB3E-DD8ACE6BD009}.Ad-Hoc|iPhone.ActiveCfg = Release|Any CPU
		{3942D6DC-C9C1-4E23-AB3E-DD8ACE6BD009}.Ad-Hoc|iPhone.Build.0 = Release|Any CPU
		{3942D6DC-C9C1-4E23-AB3E-DD8ACE6BD009}.Android_Debug|Any CPU.ActiveCfg = Debug|Any CPU
		{3942D6DC-C9C1-4E23-AB3E-DD8ACE6BD009}.AppStore|iPhone.ActiveCfg = Release|Any CPU
		{3942D6DC-C9C1-4E23-AB3E-DD8ACE6BD009}.AppStore|iPhone.Build.0 = Release|Any CPU
		{3942D6DC-C9C1-4E23-AB3E-DD8ACE6BD009}.Debug|iPhone.ActiveCfg = Debug|Any CPU
		{3942D6DC-C9C1-4E23-AB3E-DD8ACE6BD009}.Debug|iPhone.Build.0 = Debug|Any CPU
		{3942D6DC-C9C1-4E23-AB3E-DD8ACE6BD009}.Debug|iPhoneSimulator.ActiveCfg = Debug|Any CPU
		{3942D6DC-C9C1-4E23-AB3E-DD8ACE6BD009}.Debug|iPhoneSimulator.Build.0 = Debug|Any CPU
		{3942D6DC-C9C1-4E23-AB3E-DD8ACE6BD009}.Release|iPhone.ActiveCfg = Release|Any CPU
		{3942D6DC-C9C1-4E23-AB3E-DD8ACE6BD009}.Release|iPhone.Build.0 = Release|Any CPU
		{3942D6DC-C9C1-4E23-AB3E-DD8ACE6BD009}.Release|iPhoneSimulator.ActiveCfg = Release|Any CPU
		{3942D6DC-C9C1-4E23-AB3E-DD8ACE6BD009}.Release|iPhoneSimulator.Build.0 = Release|Any CPU
		{4D6572A6-628A-4C50-9056-D3A9A42C8D7F}.Ad-Hoc|iPhone.ActiveCfg = Release|Any CPU
		{4D6572A6-628A-4C50-9056-D3A9A42C8D7F}.Ad-Hoc|iPhone.Build.0 = Release|Any CPU
		{4D6572A6-628A-4C50-9056-D3A9A42C8D7F}.Android_Debug|Any CPU.ActiveCfg = Android_Debug|Any CPU
		{4D6572A6-628A-4C50-9056-D3A9A42C8D7F}.AppStore|iPhone.ActiveCfg = Release|Any CPU
		{4D6572A6-628A-4C50-9056-D3A9A42C8D7F}.AppStore|iPhone.Build.0 = Release|Any CPU
		{4D6572A6-628A-4C50-9056-D3A9A42C8D7F}.Debug|iPhone.ActiveCfg = Debug|Any CPU
		{4D6572A6-628A-4C50-9056-D3A9A42C8D7F}.Debug|iPhone.Build.0 = Debug|Any CPU
		{4D6572A6-628A-4C50-9056-D3A9A42C8D7F}.Debug|iPhoneSimulator.ActiveCfg = Debug|Any CPU
		{4D6572A6-628A-4C50-9056-D3A9A42C8D7F}.Debug|iPhoneSimulator.Build.0 = Debug|Any CPU
		{4D6572A6-628A-4C50-9056-D3A9A42C8D7F}.Release|iPhone.ActiveCfg = Release|Any CPU
		{4D6572A6-628A-4C50-9056-D3A9A42C8D7F}.Release|iPhone.Build.0 = Release|Any CPU
		{4D6572A6-628A-4C50-9056-D3A9A42C8D7F}.Release|iPhoneSimulator.ActiveCfg = Release|Any CPU
		{4D6572A6-628A-4C50-9056-D3A9A42C8D7F}.Release|iPhoneSimulator.Build.0 = Release|Any CPU
		{52F34657-B5E8-4FC7-A7F9-B767319AAF98}.Ad-Hoc|iPhone.ActiveCfg = Ad-Hoc|iPhone
		{52F34657-B5E8-4FC7-A7F9-B767319AAF98}.Ad-Hoc|iPhone.Build.0 = Ad-Hoc|iPhone
		{52F34657-B5E8-4FC7-A7F9-B767319AAF98}.Android_Debug|Any CPU.ActiveCfg = Debug|iPhoneSimulator
		{52F34657-B5E8-4FC7-A7F9-B767319AAF98}.Android_Debug|Any CPU.Build.0 = Debug|iPhoneSimulator
		{52F34657-B5E8-4FC7-A7F9-B767319AAF98}.AppStore|iPhone.ActiveCfg = AppStore|iPhone
		{52F34657-B5E8-4FC7-A7F9-B767319AAF98}.AppStore|iPhone.Build.0 = AppStore|iPhone
		{52F34657-B5E8-4FC7-A7F9-B767319AAF98}.Debug|iPhone.ActiveCfg = Debug|iPhone
		{52F34657-B5E8-4FC7-A7F9-B767319AAF98}.Debug|iPhone.Build.0 = Debug|iPhone
		{52F34657-B5E8-4FC7-A7F9-B767319AAF98}.Debug|iPhoneSimulator.ActiveCfg = Debug|iPhoneSimulator
		{52F34657-B5E8-4FC7-A7F9-B767319AAF98}.Debug|iPhoneSimulator.Build.0 = Debug|iPhoneSimulator
		{52F34657-B5E8-4FC7-A7F9-B767319AAF98}.Release|iPhone.ActiveCfg = Release|iPhone
		{52F34657-B5E8-4FC7-A7F9-B767319AAF98}.Release|iPhone.Build.0 = Release|iPhone
		{52F34657-B5E8-4FC7-A7F9-B767319AAF98}.Release|iPhoneSimulator.ActiveCfg = Release|iPhoneSimulator
		{52F34657-B5E8-4FC7-A7F9-B767319AAF98}.Release|iPhoneSimulator.Build.0 = Release|iPhoneSimulator
		{58A1401E-34C2-4486-80E3-E346BABA12B6}.AppStore|iPhone.ActiveCfg = Release|Any CPU
		{58A1401E-34C2-4486-80E3-E346BABA12B6}.AppStore|iPhone.Build.0 = Release|Any CPU
		{58A1401E-34C2-4486-80E3-E346BABA12B6}.Debug|iPhone.ActiveCfg = Debug|Any CPU
		{58A1401E-34C2-4486-80E3-E346BABA12B6}.Debug|iPhone.Build.0 = Debug|Any CPU
		{58A1401E-34C2-4486-80E3-E346BABA12B6}.Debug|iPhoneSimulator.ActiveCfg = Debug|Any CPU
		{58A1401E-34C2-4486-80E3-E346BABA12B6}.Debug|iPhoneSimulator.Build.0 = Debug|Any CPU
		{64DCD397-9019-41E8-A928-E5F5C5DF185B}.Ad-Hoc|iPhone.ActiveCfg = Release|Any CPU
		{64DCD397-9019-41E8-A928-E5F5C5DF185B}.Ad-Hoc|iPhone.Build.0 = Release|Any CPU
		{64DCD397-9019-41E8-A928-E5F5C5DF185B}.Android_Debug|Any CPU.ActiveCfg = Android_Debug|Any CPU
		{64DCD397-9019-41E8-A928-E5F5C5DF185B}.Android_Debug|Any CPU.Build.0 = Android_Debug|Any CPU
		{64DCD397-9019-41E8-A928-E5F5C5DF185B}.AppStore|iPhone.ActiveCfg = Release|Any CPU
		{64DCD397-9019-41E8-A928-E5F5C5DF185B}.AppStore|iPhone.Build.0 = Release|Any CPU
		{64DCD397-9019-41E8-A928-E5F5C5DF185B}.Debug|iPhone.ActiveCfg = Debug|Any CPU
		{64DCD397-9019-41E8-A928-E5F5C5DF185B}.Debug|iPhone.Build.0 = Debug|Any CPU
		{64DCD397-9019-41E8-A928-E5F5C5DF185B}.Debug|iPhoneSimulator.ActiveCfg = Debug|Any CPU
		{64DCD397-9019-41E8-A928-E5F5C5DF185B}.Debug|iPhoneSimulator.Build.0 = Debug|Any CPU
		{64DCD397-9019-41E8-A928-E5F5C5DF185B}.Release|iPhone.ActiveCfg = Release|Any CPU
		{64DCD397-9019-41E8-A928-E5F5C5DF185B}.Release|iPhone.Build.0 = Release|Any CPU
		{64DCD397-9019-41E8-A928-E5F5C5DF185B}.Release|iPhoneSimulator.ActiveCfg = Release|Any CPU
		{64DCD397-9019-41E8-A928-E5F5C5DF185B}.Release|iPhoneSimulator.Build.0 = Release|Any CPU
		{72654B8A-5F78-4BDF-BFBB-057DDDF314F1}.Ad-Hoc|iPhone.ActiveCfg = Release|Any CPU
		{72654B8A-5F78-4BDF-BFBB-057DDDF314F1}.Ad-Hoc|iPhone.Build.0 = Release|Any CPU
		{72654B8A-5F78-4BDF-BFBB-057DDDF314F1}.Android_Debug|Any CPU.ActiveCfg = Android_Debug|Any CPU
		{72654B8A-5F78-4BDF-BFBB-057DDDF314F1}.Android_Debug|Any CPU.Build.0 = Android_Debug|Any CPU
		{72654B8A-5F78-4BDF-BFBB-057DDDF314F1}.AppStore|iPhone.ActiveCfg = Release|Any CPU
		{72654B8A-5F78-4BDF-BFBB-057DDDF314F1}.AppStore|iPhone.Build.0 = Release|Any CPU
		{72654B8A-5F78-4BDF-BFBB-057DDDF314F1}.Debug|iPhone.ActiveCfg = Debug|Any CPU
		{72654B8A-5F78-4BDF-BFBB-057DDDF314F1}.Debug|iPhone.Build.0 = Debug|Any CPU
		{72654B8A-5F78-4BDF-BFBB-057DDDF314F1}.Debug|iPhoneSimulator.ActiveCfg = Debug|Any CPU
		{72654B8A-5F78-4BDF-BFBB-057DDDF314F1}.Debug|iPhoneSimulator.Build.0 = Debug|Any CPU
		{72654B8A-5F78-4BDF-BFBB-057DDDF314F1}.Release|iPhone.ActiveCfg = Release|Any CPU
		{72654B8A-5F78-4BDF-BFBB-057DDDF314F1}.Release|iPhone.Build.0 = Release|Any CPU
		{72654B8A-5F78-4BDF-BFBB-057DDDF314F1}.Release|iPhoneSimulator.ActiveCfg = Release|Any CPU
		{72654B8A-5F78-4BDF-BFBB-057DDDF314F1}.Release|iPhoneSimulator.Build.0 = Release|Any CPU
		{82C953F1-138A-478F-A558-424804DEA843}.Ad-Hoc|iPhone.ActiveCfg = Ad-Hoc|iPhone
		{82C953F1-138A-478F-A558-424804DEA843}.Ad-Hoc|iPhone.Build.0 = Ad-Hoc|iPhone
		{82C953F1-138A-478F-A558-424804DEA843}.Android_Debug|Any CPU.ActiveCfg = Debug|iPhoneSimulator
		{82C953F1-138A-478F-A558-424804DEA843}.AppStore|iPhone.ActiveCfg = AppStore|iPhone
		{82C953F1-138A-478F-A558-424804DEA843}.AppStore|iPhone.Build.0 = AppStore|iPhone
		{82C953F1-138A-478F-A558-424804DEA843}.Debug|iPhone.ActiveCfg = Debug|iPhone
		{82C953F1-138A-478F-A558-424804DEA843}.Debug|iPhone.Build.0 = Debug|iPhone
		{82C953F1-138A-478F-A558-424804DEA843}.Debug|iPhoneSimulator.ActiveCfg = Debug|iPhoneSimulator
		{82C953F1-138A-478F-A558-424804DEA843}.Debug|iPhoneSimulator.Build.0 = Debug|iPhoneSimulator
		{82C953F1-138A-478F-A558-424804DEA843}.Release|iPhone.ActiveCfg = Release|iPhone
		{82C953F1-138A-478F-A558-424804DEA843}.Release|iPhone.Build.0 = Release|iPhone
		{82C953F1-138A-478F-A558-424804DEA843}.Release|iPhoneSimulator.ActiveCfg = Release|iPhoneSimulator
		{82C953F1-138A-478F-A558-424804DEA843}.Release|iPhoneSimulator.Build.0 = Release|iPhoneSimulator
		{8ECDFDC5-42D0-4540-9691-830EEB2ED874}.Ad-Hoc|iPhone.ActiveCfg = Release|Any CPU
		{8ECDFDC5-42D0-4540-9691-830EEB2ED874}.Ad-Hoc|iPhone.Build.0 = Release|Any CPU
		{8ECDFDC5-42D0-4540-9691-830EEB2ED874}.Android_Debug|Any CPU.ActiveCfg = Debug|Any CPU
		{8ECDFDC5-42D0-4540-9691-830EEB2ED874}.Android_Debug|Any CPU.Build.0 = Debug|Any CPU
		{8ECDFDC5-42D0-4540-9691-830EEB2ED874}.AppStore|iPhone.ActiveCfg = Release|Any CPU
		{8ECDFDC5-42D0-4540-9691-830EEB2ED874}.AppStore|iPhone.Build.0 = Release|Any CPU
		{8ECDFDC5-42D0-4540-9691-830EEB2ED874}.Debug|iPhone.ActiveCfg = Debug|Any CPU
		{8ECDFDC5-42D0-4540-9691-830EEB2ED874}.Debug|iPhone.Build.0 = Debug|Any CPU
		{8ECDFDC5-42D0-4540-9691-830EEB2ED874}.Debug|iPhoneSimulator.ActiveCfg = Debug|Any CPU
		{8ECDFDC5-42D0-4540-9691-830EEB2ED874}.Debug|iPhoneSimulator.Build.0 = Debug|Any CPU
		{8ECDFDC5-42D0-4540-9691-830EEB2ED874}.Release|iPhone.ActiveCfg = Release|Any CPU
		{8ECDFDC5-42D0-4540-9691-830EEB2ED874}.Release|iPhone.Build.0 = Release|Any CPU
		{8ECDFDC5-42D0-4540-9691-830EEB2ED874}.Release|iPhoneSimulator.ActiveCfg = Release|Any CPU
		{8ECDFDC5-42D0-4540-9691-830EEB2ED874}.Release|iPhoneSimulator.Build.0 = Release|Any CPU
		{913B13B5-7B2C-4DDA-BECB-DADC827ED895}.Ad-Hoc|iPhone.ActiveCfg = Release|Any CPU
		{913B13B5-7B2C-4DDA-BECB-DADC827ED895}.Ad-Hoc|iPhone.Build.0 = Release|Any CPU
		{913B13B5-7B2C-4DDA-BECB-DADC827ED895}.Android_Debug|Any CPU.ActiveCfg = Android_Debug|Any CPU
		{913B13B5-7B2C-4DDA-BECB-DADC827ED895}.AppStore|iPhone.ActiveCfg = Release|Any CPU
		{913B13B5-7B2C-4DDA-BECB-DADC827ED895}.AppStore|iPhone.Build.0 = Release|Any CPU
		{913B13B5-7B2C-4DDA-BECB-DADC827ED895}.Debug|iPhone.ActiveCfg = Debug|Any CPU
		{913B13B5-7B2C-4DDA-BECB-DADC827ED895}.Debug|iPhone.Build.0 = Debug|Any CPU
		{913B13B5-7B2C-4DDA-BECB-DADC827ED895}.Debug|iPhoneSimulator.ActiveCfg = Debug|Any CPU
		{913B13B5-7B2C-4DDA-BECB-DADC827ED895}.Debug|iPhoneSimulator.Build.0 = Debug|Any CPU
		{913B13B5-7B2C-4DDA-BECB-DADC827ED895}.Release|iPhone.ActiveCfg = Release|Any CPU
		{913B13B5-7B2C-4DDA-BECB-DADC827ED895}.Release|iPhone.Build.0 = Release|Any CPU
		{913B13B5-7B2C-4DDA-BECB-DADC827ED895}.Release|iPhoneSimulator.ActiveCfg = Release|Any CPU
		{913B13B5-7B2C-4DDA-BECB-DADC827ED895}.Release|iPhoneSimulator.Build.0 = Release|Any CPU
		{A6C9F4EF-F26E-4D54-A0D6-49A6373CB0D2}.Ad-Hoc|iPhone.ActiveCfg = Release|Any CPU
		{A6C9F4EF-F26E-4D54-A0D6-49A6373CB0D2}.Ad-Hoc|iPhone.Build.0 = Release|Any CPU
		{A6C9F4EF-F26E-4D54-A0D6-49A6373CB0D2}.Android_Debug|Any CPU.ActiveCfg = Android_Debug|Any CPU
		{A6C9F4EF-F26E-4D54-A0D6-49A6373CB0D2}.Android_Debug|Any CPU.Build.0 = Android_Debug|Any CPU
		{A6C9F4EF-F26E-4D54-A0D6-49A6373CB0D2}.AppStore|iPhone.ActiveCfg = Release|Any CPU
		{A6C9F4EF-F26E-4D54-A0D6-49A6373CB0D2}.AppStore|iPhone.Build.0 = Release|Any CPU
		{A6C9F4EF-F26E-4D54-A0D6-49A6373CB0D2}.Debug|iPhone.ActiveCfg = Debug|Any CPU
		{A6C9F4EF-F26E-4D54-A0D6-49A6373CB0D2}.Debug|iPhone.Build.0 = Debug|Any CPU
		{A6C9F4EF-F26E-4D54-A0D6-49A6373CB0D2}.Debug|iPhoneSimulator.ActiveCfg = Debug|Any CPU
		{A6C9F4EF-F26E-4D54-A0D6-49A6373CB0D2}.Debug|iPhoneSimulator.Build.0 = Debug|Any CPU
		{A6C9F4EF-F26E-4D54-A0D6-49A6373CB0D2}.Release|iPhone.ActiveCfg = Release|Any CPU
		{A6C9F4EF-F26E-4D54-A0D6-49A6373CB0D2}.Release|iPhone.Build.0 = Release|Any CPU
		{A6C9F4EF-F26E-4D54-A0D6-49A6373CB0D2}.Release|iPhoneSimulator.ActiveCfg = Release|Any CPU
		{A6C9F4EF-F26E-4D54-A0D6-49A6373CB0D2}.Release|iPhoneSimulator.Build.0 = Release|Any CPU
		{B6E27475-E7D0-448C-A5CC-5097DCA1E2DD}.Ad-Hoc|iPhone.ActiveCfg = Release|Any CPU
		{B6E27475-E7D0-448C-A5CC-5097DCA1E2DD}.Ad-Hoc|iPhone.Build.0 = Release|Any CPU
		{B6E27475-E7D0-448C-A5CC-5097DCA1E2DD}.Android_Debug|Any CPU.ActiveCfg = Android_Debug|Any CPU
		{B6E27475-E7D0-448C-A5CC-5097DCA1E2DD}.Android_Debug|Any CPU.Build.0 = Android_Debug|Any CPU
		{B6E27475-E7D0-448C-A5CC-5097DCA1E2DD}.AppStore|iPhone.ActiveCfg = Release|Any CPU
		{B6E27475-E7D0-448C-A5CC-5097DCA1E2DD}.AppStore|iPhone.Build.0 = Release|Any CPU
		{B6E27475-E7D0-448C-A5CC-5097DCA1E2DD}.Debug|iPhone.ActiveCfg = Debug|Any CPU
		{B6E27475-E7D0-448C-A5CC-5097DCA1E2DD}.Debug|iPhone.Build.0 = Debug|Any CPU
		{B6E27475-E7D0-448C-A5CC-5097DCA1E2DD}.Debug|iPhoneSimulator.ActiveCfg = Debug|Any CPU
		{B6E27475-E7D0-448C-A5CC-5097DCA1E2DD}.Debug|iPhoneSimulator.Build.0 = Debug|Any CPU
		{B6E27475-E7D0-448C-A5CC-5097DCA1E2DD}.Release|iPhone.ActiveCfg = Release|Any CPU
		{B6E27475-E7D0-448C-A5CC-5097DCA1E2DD}.Release|iPhone.Build.0 = Release|Any CPU
		{B6E27475-E7D0-448C-A5CC-5097DCA1E2DD}.Release|iPhoneSimulator.ActiveCfg = Release|Any CPU
		{B6E27475-E7D0-448C-A5CC-5097DCA1E2DD}.Release|iPhoneSimulator.Build.0 = Release|Any CPU
		{BA7298B2-BDF5-43E0-9CBB-ADD819B09232}.Ad-Hoc|iPhone.ActiveCfg = Release|Any CPU
		{BA7298B2-BDF5-43E0-9CBB-ADD819B09232}.Ad-Hoc|iPhone.Build.0 = Release|Any CPU
		{BA7298B2-BDF5-43E0-9CBB-ADD819B09232}.Android_Debug|Any CPU.ActiveCfg = Debug|Any CPU
		{BA7298B2-BDF5-43E0-9CBB-ADD819B09232}.AppStore|iPhone.ActiveCfg = Release|Any CPU
		{BA7298B2-BDF5-43E0-9CBB-ADD819B09232}.AppStore|iPhone.Build.0 = Release|Any CPU
		{BA7298B2-BDF5-43E0-9CBB-ADD819B09232}.Debug|iPhone.ActiveCfg = Debug|Any CPU
		{BA7298B2-BDF5-43E0-9CBB-ADD819B09232}.Debug|iPhone.Build.0 = Debug|Any CPU
		{BA7298B2-BDF5-43E0-9CBB-ADD819B09232}.Debug|iPhoneSimulator.ActiveCfg = Debug|Any CPU
		{BA7298B2-BDF5-43E0-9CBB-ADD819B09232}.Debug|iPhoneSimulator.Build.0 = Debug|Any CPU
		{BA7298B2-BDF5-43E0-9CBB-ADD819B09232}.Release|iPhone.ActiveCfg = Release|Any CPU
		{BA7298B2-BDF5-43E0-9CBB-ADD819B09232}.Release|iPhone.Build.0 = Release|Any CPU
		{BA7298B2-BDF5-43E0-9CBB-ADD819B09232}.Release|iPhoneSimulator.ActiveCfg = Release|Any CPU
		{BA7298B2-BDF5-43E0-9CBB-ADD819B09232}.Release|iPhoneSimulator.Build.0 = Release|Any CPU
		{BBBCD850-E7CB-4B6C-86D9-CE01F2B1C81C}.Ad-Hoc|iPhone.ActiveCfg = Release|Any CPU
		{BBBCD850-E7CB-4B6C-86D9-CE01F2B1C81C}.Ad-Hoc|iPhone.Build.0 = Release|Any CPU
		{BBBCD850-E7CB-4B6C-86D9-CE01F2B1C81C}.Android_Debug|Any CPU.ActiveCfg = Android_Debug|Any CPU
		{BBBCD850-E7CB-4B6C-86D9-CE01F2B1C81C}.AppStore|iPhone.ActiveCfg = Release|Any CPU
		{BBBCD850-E7CB-4B6C-86D9-CE01F2B1C81C}.AppStore|iPhone.Build.0 = Release|Any CPU
		{BBBCD850-E7CB-4B6C-86D9-CE01F2B1C81C}.Debug|iPhone.ActiveCfg = Debug|Any CPU
		{BBBCD850-E7CB-4B6C-86D9-CE01F2B1C81C}.Debug|iPhone.Build.0 = Debug|Any CPU
		{BBBCD850-E7CB-4B6C-86D9-CE01F2B1C81C}.Debug|iPhoneSimulator.ActiveCfg = Debug|Any CPU
		{BBBCD850-E7CB-4B6C-86D9-CE01F2B1C81C}.Debug|iPhoneSimulator.Build.0 = Debug|Any CPU
		{BBBCD850-E7CB-4B6C-86D9-CE01F2B1C81C}.Release|iPhone.ActiveCfg = Release|Any CPU
		{BBBCD850-E7CB-4B6C-86D9-CE01F2B1C81C}.Release|iPhone.Build.0 = Release|Any CPU
		{BBBCD850-E7CB-4B6C-86D9-CE01F2B1C81C}.Release|iPhoneSimulator.ActiveCfg = Release|Any CPU
		{BBBCD850-E7CB-4B6C-86D9-CE01F2B1C81C}.Release|iPhoneSimulator.Build.0 = Release|Any CPU
		{BCB3340E-5833-4132-901C-93A6B4C0758A}.Ad-Hoc|iPhone.ActiveCfg = Release|Any CPU
		{BCB3340E-5833-4132-901C-93A6B4C0758A}.Ad-Hoc|iPhone.Build.0 = Release|Any CPU
		{BCB3340E-5833-4132-901C-93A6B4C0758A}.Android_Debug|Any CPU.ActiveCfg = Android_Debug|Any CPU
		{BCB3340E-5833-4132-901C-93A6B4C0758A}.AppStore|iPhone.ActiveCfg = Release|Any CPU
		{BCB3340E-5833-4132-901C-93A6B4C0758A}.AppStore|iPhone.Build.0 = Release|Any CPU
		{BCB3340E-5833-4132-901C-93A6B4C0758A}.Debug|iPhone.ActiveCfg = Debug|Any CPU
		{BCB3340E-5833-4132-901C-93A6B4C0758A}.Debug|iPhone.Build.0 = Debug|Any CPU
		{BCB3340E-5833-4132-901C-93A6B4C0758A}.Debug|iPhoneSimulator.ActiveCfg = Debug|Any CPU
		{BCB3340E-5833-4132-901C-93A6B4C0758A}.Debug|iPhoneSimulator.Build.0 = Debug|Any CPU
		{BCB3340E-5833-4132-901C-93A6B4C0758A}.Release|iPhone.ActiveCfg = Release|Any CPU
		{BCB3340E-5833-4132-901C-93A6B4C0758A}.Release|iPhone.Build.0 = Release|Any CPU
		{BCB3340E-5833-4132-901C-93A6B4C0758A}.Release|iPhoneSimulator.ActiveCfg = Release|Any CPU
		{BCB3340E-5833-4132-901C-93A6B4C0758A}.Release|iPhoneSimulator.Build.0 = Release|Any CPU
		{CC099F6E-3375-4546-9911-E56722922AA1}.Ad-Hoc|iPhone.ActiveCfg = Release|iPhoneSimulator
		{CC099F6E-3375-4546-9911-E56722922AA1}.Ad-Hoc|iPhone.Build.0 = Release|iPhoneSimulator
		{CC099F6E-3375-4546-9911-E56722922AA1}.Android_Debug|Any CPU.ActiveCfg = Debug|iPhoneSimulator
		{CC099F6E-3375-4546-9911-E56722922AA1}.Android_Debug|Any CPU.Build.0 = Debug|iPhoneSimulator
		{CC099F6E-3375-4546-9911-E56722922AA1}.AppStore|iPhone.ActiveCfg = Release|iPhoneSimulator
		{CC099F6E-3375-4546-9911-E56722922AA1}.AppStore|iPhone.Build.0 = Release|iPhoneSimulator
		{CC099F6E-3375-4546-9911-E56722922AA1}.Debug|iPhone.ActiveCfg = Debug|iPhoneSimulator
		{CC099F6E-3375-4546-9911-E56722922AA1}.Debug|iPhone.Build.0 = Debug|iPhoneSimulator
		{CC099F6E-3375-4546-9911-E56722922AA1}.Debug|iPhoneSimulator.ActiveCfg = Debug|iPhoneSimulator
		{CC099F6E-3375-4546-9911-E56722922AA1}.Debug|iPhoneSimulator.Build.0 = Debug|iPhoneSimulator
		{CC099F6E-3375-4546-9911-E56722922AA1}.Release|iPhone.ActiveCfg = Release|iPhoneSimulator
		{CC099F6E-3375-4546-9911-E56722922AA1}.Release|iPhone.Build.0 = Release|iPhoneSimulator
		{CC099F6E-3375-4546-9911-E56722922AA1}.Release|iPhoneSimulator.ActiveCfg = Release|iPhoneSimulator
		{CC099F6E-3375-4546-9911-E56722922AA1}.Release|iPhoneSimulator.Build.0 = Release|iPhoneSimulator
		{CFF6F25A-3C3B-44EE-A54C-2ED4AAFF3ADB}.Ad-Hoc|iPhone.ActiveCfg = Release|Any CPU
		{CFF6F25A-3C3B-44EE-A54C-2ED4AAFF3ADB}.Ad-Hoc|iPhone.Build.0 = Release|Any CPU
		{CFF6F25A-3C3B-44EE-A54C-2ED4AAFF3ADB}.Android_Debug|Any CPU.ActiveCfg = Android_Debug|Any CPU
		{CFF6F25A-3C3B-44EE-A54C-2ED4AAFF3ADB}.Android_Debug|Any CPU.Build.0 = Android_Debug|Any CPU
		{CFF6F25A-3C3B-44EE-A54C-2ED4AAFF3ADB}.AppStore|iPhone.ActiveCfg = Release|Any CPU
		{CFF6F25A-3C3B-44EE-A54C-2ED4AAFF3ADB}.AppStore|iPhone.Build.0 = Release|Any CPU
		{CFF6F25A-3C3B-44EE-A54C-2ED4AAFF3ADB}.Debug|iPhone.ActiveCfg = Debug|Any CPU
		{CFF6F25A-3C3B-44EE-A54C-2ED4AAFF3ADB}.Debug|iPhone.Build.0 = Debug|Any CPU
		{CFF6F25A-3C3B-44EE-A54C-2ED4AAFF3ADB}.Debug|iPhoneSimulator.ActiveCfg = Debug|Any CPU
		{CFF6F25A-3C3B-44EE-A54C-2ED4AAFF3ADB}.Debug|iPhoneSimulator.Build.0 = Debug|Any CPU
		{CFF6F25A-3C3B-44EE-A54C-2ED4AAFF3ADB}.Release|iPhone.ActiveCfg = Release|Any CPU
		{CFF6F25A-3C3B-44EE-A54C-2ED4AAFF3ADB}.Release|iPhone.Build.0 = Release|Any CPU
		{CFF6F25A-3C3B-44EE-A54C-2ED4AAFF3ADB}.Release|iPhoneSimulator.ActiveCfg = Release|Any CPU
		{CFF6F25A-3C3B-44EE-A54C-2ED4AAFF3ADB}.Release|iPhoneSimulator.Build.0 = Release|Any CPU
		{D1E1149A-F030-4B0F-944F-E9611A0E89C8}.Ad-Hoc|iPhone.ActiveCfg = Release|Any CPU
		{D1E1149A-F030-4B0F-944F-E9611A0E89C8}.Ad-Hoc|iPhone.Build.0 = Release|Any CPU
		{D1E1149A-F030-4B0F-944F-E9611A0E89C8}.Android_Debug|Any CPU.ActiveCfg = Debug|Any CPU
		{D1E1149A-F030-4B0F-944F-E9611A0E89C8}.Android_Debug|Any CPU.Build.0 = Debug|Any CPU
		{D1E1149A-F030-4B0F-944F-E9611A0E89C8}.AppStore|iPhone.ActiveCfg = Release|Any CPU
		{D1E1149A-F030-4B0F-944F-E9611A0E89C8}.AppStore|iPhone.Build.0 = Release|Any CPU
		{D1E1149A-F030-4B0F-944F-E9611A0E89C8}.Debug|iPhone.ActiveCfg = Debug|Any CPU
		{D1E1149A-F030-4B0F-944F-E9611A0E89C8}.Debug|iPhone.Build.0 = Debug|Any CPU
		{D1E1149A-F030-4B0F-944F-E9611A0E89C8}.Debug|iPhoneSimulator.ActiveCfg = Debug|Any CPU
		{D1E1149A-F030-4B0F-944F-E9611A0E89C8}.Debug|iPhoneSimulator.Build.0 = Debug|Any CPU
		{D1E1149A-F030-4B0F-944F-E9611A0E89C8}.Release|iPhone.ActiveCfg = Release|Any CPU
		{D1E1149A-F030-4B0F-944F-E9611A0E89C8}.Release|iPhone.Build.0 = Release|Any CPU
		{D1E1149A-F030-4B0F-944F-E9611A0E89C8}.Release|iPhoneSimulator.ActiveCfg = Release|Any CPU
		{D1E1149A-F030-4B0F-944F-E9611A0E89C8}.Release|iPhoneSimulator.Build.0 = Release|Any CPU
		{D36EC782-494E-4939-864D-B1321A511890}.Ad-Hoc|iPhone.ActiveCfg = Release|Any CPU
		{D36EC782-494E-4939-864D-B1321A511890}.Ad-Hoc|iPhone.Build.0 = Release|Any CPU
		{D36EC782-494E-4939-864D-B1321A511890}.Android_Debug|Any CPU.ActiveCfg = Debug|Any CPU
		{D36EC782-494E-4939-864D-B1321A511890}.AppStore|iPhone.ActiveCfg = Release|Any CPU
		{D36EC782-494E-4939-864D-B1321A511890}.AppStore|iPhone.Build.0 = Release|Any CPU
		{D36EC782-494E-4939-864D-B1321A511890}.Debug|iPhone.ActiveCfg = Debug|Any CPU
		{D36EC782-494E-4939-864D-B1321A511890}.Debug|iPhone.Build.0 = Debug|Any CPU
		{D36EC782-494E-4939-864D-B1321A511890}.Debug|iPhoneSimulator.ActiveCfg = Debug|Any CPU
		{D36EC782-494E-4939-864D-B1321A511890}.Debug|iPhoneSimulator.Build.0 = Debug|Any CPU
		{D36EC782-494E-4939-864D-B1321A511890}.Release|iPhone.ActiveCfg = Release|Any CPU
		{D36EC782-494E-4939-864D-B1321A511890}.Release|iPhone.Build.0 = Release|Any CPU
		{D36EC782-494E-4939-864D-B1321A511890}.Release|iPhoneSimulator.ActiveCfg = Release|Any CPU
		{D36EC782-494E-4939-864D-B1321A511890}.Release|iPhoneSimulator.Build.0 = Release|Any CPU
		{D9CBBFFE-57E8-4E97-9E16-C34BC4C52827}.Ad-Hoc|iPhone.ActiveCfg = Release|Any CPU
		{D9CBBFFE-57E8-4E97-9E16-C34BC4C52827}.Ad-Hoc|iPhone.Build.0 = Release|Any CPU
		{D9CBBFFE-57E8-4E97-9E16-C34BC4C52827}.Android_Debug|Any CPU.ActiveCfg = Android_Debug|Any CPU
		{D9CBBFFE-57E8-4E97-9E16-C34BC4C52827}.Android_Debug|Any CPU.Build.0 = Android_Debug|Any CPU
		{D9CBBFFE-57E8-4E97-9E16-C34BC4C52827}.AppStore|iPhone.ActiveCfg = Release|Any CPU
		{D9CBBFFE-57E8-4E97-9E16-C34BC4C52827}.AppStore|iPhone.Build.0 = Release|Any CPU
		{D9CBBFFE-57E8-4E97-9E16-C34BC4C52827}.Debug|iPhone.ActiveCfg = Debug|Any CPU
		{D9CBBFFE-57E8-4E97-9E16-C34BC4C52827}.Debug|iPhone.Build.0 = Debug|Any CPU
		{D9CBBFFE-57E8-4E97-9E16-C34BC4C52827}.Debug|iPhoneSimulator.ActiveCfg = Debug|Any CPU
		{D9CBBFFE-57E8-4E97-9E16-C34BC4C52827}.Debug|iPhoneSimulator.Build.0 = Debug|Any CPU
		{D9CBBFFE-57E8-4E97-9E16-C34BC4C52827}.Release|iPhone.ActiveCfg = Release|Any CPU
		{D9CBBFFE-57E8-4E97-9E16-C34BC4C52827}.Release|iPhone.Build.0 = Release|Any CPU
		{D9CBBFFE-57E8-4E97-9E16-C34BC4C52827}.Release|iPhoneSimulator.ActiveCfg = Release|Any CPU
		{D9CBBFFE-57E8-4E97-9E16-C34BC4C52827}.Release|iPhoneSimulator.Build.0 = Release|Any CPU
		{DF573A26-B2E1-4683-83AC-0D6BDCF765A9}.Ad-Hoc|iPhone.ActiveCfg = Release|Any CPU
		{DF573A26-B2E1-4683-83AC-0D6BDCF765A9}.Ad-Hoc|iPhone.Build.0 = Release|Any CPU
		{DF573A26-B2E1-4683-83AC-0D6BDCF765A9}.Android_Debug|Any CPU.ActiveCfg = Debug|Any CPU
		{DF573A26-B2E1-4683-83AC-0D6BDCF765A9}.Android_Debug|Any CPU.Build.0 = Debug|Any CPU
		{DF573A26-B2E1-4683-83AC-0D6BDCF765A9}.AppStore|iPhone.ActiveCfg = Release|Any CPU
		{DF573A26-B2E1-4683-83AC-0D6BDCF765A9}.AppStore|iPhone.Build.0 = Release|Any CPU
		{DF573A26-B2E1-4683-83AC-0D6BDCF765A9}.Debug|iPhone.ActiveCfg = Debug|Any CPU
		{DF573A26-B2E1-4683-83AC-0D6BDCF765A9}.Debug|iPhone.Build.0 = Debug|Any CPU
		{DF573A26-B2E1-4683-83AC-0D6BDCF765A9}.Debug|iPhoneSimulator.ActiveCfg = Debug|Any CPU
		{DF573A26-B2E1-4683-83AC-0D6BDCF765A9}.Debug|iPhoneSimulator.Build.0 = Debug|Any CPU
		{DF573A26-B2E1-4683-83AC-0D6BDCF765A9}.Release|iPhone.ActiveCfg = Release|Any CPU
		{DF573A26-B2E1-4683-83AC-0D6BDCF765A9}.Release|iPhone.Build.0 = Release|Any CPU
		{DF573A26-B2E1-4683-83AC-0D6BDCF765A9}.Release|iPhoneSimulator.ActiveCfg = Release|Any CPU
		{DF573A26-B2E1-4683-83AC-0D6BDCF765A9}.Release|iPhoneSimulator.Build.0 = Release|Any CPU
		{E042EDD9-E89D-4928-BF4D-27F0FC29CEDA}.Ad-Hoc|iPhone.ActiveCfg = Release|Any CPU
		{E042EDD9-E89D-4928-BF4D-27F0FC29CEDA}.Ad-Hoc|iPhone.Build.0 = Release|Any CPU
		{E042EDD9-E89D-4928-BF4D-27F0FC29CEDA}.Android_Debug|Any CPU.ActiveCfg = Android_Debug|Any CPU
		{E042EDD9-E89D-4928-BF4D-27F0FC29CEDA}.AppStore|iPhone.ActiveCfg = Release|Any CPU
		{E042EDD9-E89D-4928-BF4D-27F0FC29CEDA}.AppStore|iPhone.Build.0 = Release|Any CPU
		{E042EDD9-E89D-4928-BF4D-27F0FC29CEDA}.Debug|iPhone.ActiveCfg = Debug|Any CPU
		{E042EDD9-E89D-4928-BF4D-27F0FC29CEDA}.Debug|iPhone.Build.0 = Debug|Any CPU
		{E042EDD9-E89D-4928-BF4D-27F0FC29CEDA}.Debug|iPhoneSimulator.ActiveCfg = Debug|Any CPU
		{E042EDD9-E89D-4928-BF4D-27F0FC29CEDA}.Debug|iPhoneSimulator.Build.0 = Debug|Any CPU
		{E042EDD9-E89D-4928-BF4D-27F0FC29CEDA}.Release|iPhone.ActiveCfg = Release|Any CPU
		{E042EDD9-E89D-4928-BF4D-27F0FC29CEDA}.Release|iPhone.Build.0 = Release|Any CPU
		{E042EDD9-E89D-4928-BF4D-27F0FC29CEDA}.Release|iPhoneSimulator.ActiveCfg = Release|Any CPU
		{E042EDD9-E89D-4928-BF4D-27F0FC29CEDA}.Release|iPhoneSimulator.Build.0 = Release|Any CPU
		{F073E4F8-E0B6-43E7-84C1-B71AE4BEA0E0}.Ad-Hoc|iPhone.ActiveCfg = Release|Any CPU
		{F073E4F8-E0B6-43E7-84C1-B71AE4BEA0E0}.Ad-Hoc|iPhone.Build.0 = Release|Any CPU
		{F073E4F8-E0B6-43E7-84C1-B71AE4BEA0E0}.Android_Debug|Any CPU.ActiveCfg = Android_Debug|Any CPU
		{F073E4F8-E0B6-43E7-84C1-B71AE4BEA0E0}.AppStore|iPhone.ActiveCfg = Release|Any CPU
		{F073E4F8-E0B6-43E7-84C1-B71AE4BEA0E0}.AppStore|iPhone.Build.0 = Release|Any CPU
		{F073E4F8-E0B6-43E7-84C1-B71AE4BEA0E0}.Debug|iPhone.ActiveCfg = Debug|Any CPU
		{F073E4F8-E0B6-43E7-84C1-B71AE4BEA0E0}.Debug|iPhone.Build.0 = Debug|Any CPU
		{F073E4F8-E0B6-43E7-84C1-B71AE4BEA0E0}.Debug|iPhoneSimulator.ActiveCfg = Debug|Any CPU
		{F073E4F8-E0B6-43E7-84C1-B71AE4BEA0E0}.Debug|iPhoneSimulator.Build.0 = Debug|Any CPU
		{F073E4F8-E0B6-43E7-84C1-B71AE4BEA0E0}.Release|iPhone.ActiveCfg = Release|Any CPU
		{F073E4F8-E0B6-43E7-84C1-B71AE4BEA0E0}.Release|iPhone.Build.0 = Release|Any CPU
		{F073E4F8-E0B6-43E7-84C1-B71AE4BEA0E0}.Release|iPhoneSimulator.ActiveCfg = Release|Any CPU
		{F073E4F8-E0B6-43E7-84C1-B71AE4BEA0E0}.Release|iPhoneSimulator.Build.0 = Release|Any CPU
		{FBE47D69-825B-499B-B1B6-D3EE117901BF}.Ad-Hoc|iPhone.ActiveCfg = Release|Any CPU
		{FBE47D69-825B-499B-B1B6-D3EE117901BF}.Ad-Hoc|iPhone.Build.0 = Release|Any CPU
		{FBE47D69-825B-499B-B1B6-D3EE117901BF}.Android_Debug|Any CPU.ActiveCfg = Debug|Any CPU
		{FBE47D69-825B-499B-B1B6-D3EE117901BF}.Android_Debug|Any CPU.Build.0 = Debug|Any CPU
		{FBE47D69-825B-499B-B1B6-D3EE117901BF}.AppStore|iPhone.ActiveCfg = Release|Any CPU
		{FBE47D69-825B-499B-B1B6-D3EE117901BF}.AppStore|iPhone.Build.0 = Release|Any CPU
		{FBE47D69-825B-499B-B1B6-D3EE117901BF}.Debug|iPhone.ActiveCfg = Debug|Any CPU
		{FBE47D69-825B-499B-B1B6-D3EE117901BF}.Debug|iPhone.Build.0 = Debug|Any CPU
		{FBE47D69-825B-499B-B1B6-D3EE117901BF}.Debug|iPhoneSimulator.ActiveCfg = Debug|Any CPU
		{FBE47D69-825B-499B-B1B6-D3EE117901BF}.Debug|iPhoneSimulator.Build.0 = Debug|Any CPU
		{FBE47D69-825B-499B-B1B6-D3EE117901BF}.Release|iPhone.ActiveCfg = Release|Any CPU
		{FBE47D69-825B-499B-B1B6-D3EE117901BF}.Release|iPhone.Build.0 = Release|Any CPU
		{FBE47D69-825B-499B-B1B6-D3EE117901BF}.Release|iPhoneSimulator.ActiveCfg = Release|Any CPU
		{FBE47D69-825B-499B-B1B6-D3EE117901BF}.Release|iPhoneSimulator.Build.0 = Release|Any CPU
	EndGlobalSection
	GlobalSection(MonoDevelopProperties) = preSolution
		Policies = $0
		$0.DotNetNamingPolicy = $1
		$1.DirectoryNamespaceAssociation = None
		$1.ResourceNamePolicy = FileFormatDefault
		version = 0.0.3
	EndGlobalSection
EndGlobal
