
Microsoft Visual Studio Solution File, Format Version 12.00
# Visual Studio 2012
Project("{FAE04EC0-301F-11D3-BF4B-00C04F79EFBC}") = "OSSDemo", "OSSDemo\OSSDemo.csproj", "{7D80384A-017B-4671-84A5-D6D137A41CE9}"
EndProject
Project("{FAE04EC0-301F-11D3-BF4B-00C04F79EFBC}") = "Aliyun.OpenServices", "OSSDemo\Aliyun.OpenServices\Aliyun.OpenServices.csproj", "{670927D7-836D-413F-B6BF-0E89CDDD0CAC}"
EndProject
Global
	GlobalSection(SolutionConfigurationPlatforms) = preSolution
		Debug|x86 = Debug|x86
		Release|x86 = Release|x86
	EndGlobalSection
	GlobalSection(ProjectConfigurationPlatforms) = postSolution
		{670927D7-836D-413F-B6BF-0E89CDDD0CAC}.Debug|x86.ActiveCfg = Debug|Any CPU
		{670927D7-836D-413F-B6BF-0E89CDDD0CAC}.Debug|x86.Build.0 = Debug|Any CPU
		{670927D7-836D-413F-B6BF-0E89CDDD0CAC}.Release|x86.ActiveCfg = Release|Any CPU
		{670927D7-836D-413F-B6BF-0E89CDDD0CAC}.Release|x86.Build.0 = Release|Any CPU
		{7D80384A-017B-4671-84A5-D6D137A41CE9}.Debug|x86.ActiveCfg = Debug|x86
		{7D80384A-017B-4671-84A5-D6D137A41CE9}.Debug|x86.Build.0 = Debug|x86
		{7D80384A-017B-4671-84A5-D6D137A41CE9}.Release|x86.ActiveCfg = Release|x86
		{7D80384A-017B-4671-84A5-D6D137A41CE9}.Release|x86.Build.0 = Release|x86
	EndGlobalSection
	GlobalSection(MonoDevelopProperties) = preSolution
		StartupItem = OSSDemo\OSSDemo.csproj
	EndGlobalSection
EndGlobal
