
Microsoft Visual Studio Solution File, Format Version 12.00
# Visual Studio 2012
Project("{FAE04EC0-301F-11D3-BF4B-00C04F79EFBC}") = "TouchSendNoticeDemo", "TouchSendNoticeDemo\TouchSendNoticeDemo.csproj", "{62E8D677-6BA9-4A25-9E5E-6C5CDF067CD4}"
EndProject
Project("{FAE04EC0-301F-11D3-BF4B-00C04F79EFBC}") = "PhotoStackBinding", "..\PhotoStackLibBinding.iOS\PhotoStackBinding\PhotoStackBinding.csproj", "{49EBD364-1777-4BDE-A2B8-8A8129E189D9}"
EndProject
Project("{FAE04EC0-301F-11D3-BF4B-00C04F79EFBC}") = "ELCImagePickerControllerBinding", "..\ELCImagePickerControllerBinding.iOS\ELCImagePickerControllerBinding\ELCImagePickerControllerBinding.csproj", "{3774212A-99DD-4A28-B29D-A9BC72828E4B}"
EndProject
Global
	GlobalSection(SolutionConfigurationPlatforms) = preSolution
		Debug|iPhoneSimulator = Debug|iPhoneSimulator
		Release|iPhoneSimulator = Release|iPhoneSimulator
		Debug|iPhone = Debug|iPhone
		Release|iPhone = Release|iPhone
		Ad-Hoc|iPhone = Ad-Hoc|iPhone
		AppStore|iPhone = AppStore|iPhone
	EndGlobalSection
	GlobalSection(ProjectConfigurationPlatforms) = postSolution
		{3774212A-99DD-4A28-B29D-A9BC72828E4B}.Ad-Hoc|iPhone.ActiveCfg = Release|Any CPU
		{3774212A-99DD-4A28-B29D-A9BC72828E4B}.Ad-Hoc|iPhone.Build.0 = Release|Any CPU
		{3774212A-99DD-4A28-B29D-A9BC72828E4B}.AppStore|iPhone.ActiveCfg = Release|Any CPU
		{3774212A-99DD-4A28-B29D-A9BC72828E4B}.AppStore|iPhone.Build.0 = Release|Any CPU
		{3774212A-99DD-4A28-B29D-A9BC72828E4B}.Debug|iPhone.ActiveCfg = Debug|Any CPU
		{3774212A-99DD-4A28-B29D-A9BC72828E4B}.Debug|iPhone.Build.0 = Debug|Any CPU
		{3774212A-99DD-4A28-B29D-A9BC72828E4B}.Debug|iPhoneSimulator.ActiveCfg = Debug|Any CPU
		{3774212A-99DD-4A28-B29D-A9BC72828E4B}.Debug|iPhoneSimulator.Build.0 = Debug|Any CPU
		{3774212A-99DD-4A28-B29D-A9BC72828E4B}.Release|iPhone.ActiveCfg = Release|Any CPU
		{3774212A-99DD-4A28-B29D-A9BC72828E4B}.Release|iPhone.Build.0 = Release|Any CPU
		{3774212A-99DD-4A28-B29D-A9BC72828E4B}.Release|iPhoneSimulator.ActiveCfg = Release|Any CPU
		{3774212A-99DD-4A28-B29D-A9BC72828E4B}.Release|iPhoneSimulator.Build.0 = Release|Any CPU
		{49EBD364-1777-4BDE-A2B8-8A8129E189D9}.Ad-Hoc|iPhone.ActiveCfg = Release|Any CPU
		{49EBD364-1777-4BDE-A2B8-8A8129E189D9}.Ad-Hoc|iPhone.Build.0 = Release|Any CPU
		{49EBD364-1777-4BDE-A2B8-8A8129E189D9}.AppStore|iPhone.ActiveCfg = Release|Any CPU
		{49EBD364-1777-4BDE-A2B8-8A8129E189D9}.AppStore|iPhone.Build.0 = Release|Any CPU
		{49EBD364-1777-4BDE-A2B8-8A8129E189D9}.Debug|iPhone.ActiveCfg = Debug|Any CPU
		{49EBD364-1777-4BDE-A2B8-8A8129E189D9}.Debug|iPhone.Build.0 = Debug|Any CPU
		{49EBD364-1777-4BDE-A2B8-8A8129E189D9}.Debug|iPhoneSimulator.ActiveCfg = Debug|Any CPU
		{49EBD364-1777-4BDE-A2B8-8A8129E189D9}.Debug|iPhoneSimulator.Build.0 = Debug|Any CPU
		{49EBD364-1777-4BDE-A2B8-8A8129E189D9}.Release|iPhone.ActiveCfg = Release|Any CPU
		{49EBD364-1777-4BDE-A2B8-8A8129E189D9}.Release|iPhone.Build.0 = Release|Any CPU
		{49EBD364-1777-4BDE-A2B8-8A8129E189D9}.Release|iPhoneSimulator.ActiveCfg = Release|Any CPU
		{49EBD364-1777-4BDE-A2B8-8A8129E189D9}.Release|iPhoneSimulator.Build.0 = Release|Any CPU
		{62E8D677-6BA9-4A25-9E5E-6C5CDF067CD4}.Ad-Hoc|iPhone.ActiveCfg = Ad-Hoc|iPhone
		{62E8D677-6BA9-4A25-9E5E-6C5CDF067CD4}.Ad-Hoc|iPhone.Build.0 = Ad-Hoc|iPhone
		{62E8D677-6BA9-4A25-9E5E-6C5CDF067CD4}.AppStore|iPhone.ActiveCfg = AppStore|iPhone
		{62E8D677-6BA9-4A25-9E5E-6C5CDF067CD4}.AppStore|iPhone.Build.0 = AppStore|iPhone
		{62E8D677-6BA9-4A25-9E5E-6C5CDF067CD4}.Debug|iPhone.ActiveCfg = Debug|iPhone
		{62E8D677-6BA9-4A25-9E5E-6C5CDF067CD4}.Debug|iPhone.Build.0 = Debug|iPhone
		{62E8D677-6BA9-4A25-9E5E-6C5CDF067CD4}.Debug|iPhoneSimulator.ActiveCfg = Debug|iPhoneSimulator
		{62E8D677-6BA9-4A25-9E5E-6C5CDF067CD4}.Debug|iPhoneSimulator.Build.0 = Debug|iPhoneSimulator
		{62E8D677-6BA9-4A25-9E5E-6C5CDF067CD4}.Release|iPhone.ActiveCfg = Release|iPhone
		{62E8D677-6BA9-4A25-9E5E-6C5CDF067CD4}.Release|iPhone.Build.0 = Release|iPhone
		{62E8D677-6BA9-4A25-9E5E-6C5CDF067CD4}.Release|iPhoneSimulator.ActiveCfg = Release|iPhoneSimulator
		{62E8D677-6BA9-4A25-9E5E-6C5CDF067CD4}.Release|iPhoneSimulator.Build.0 = Release|iPhoneSimulator
	EndGlobalSection
	GlobalSection(MonoDevelopProperties) = preSolution
		StartupItem = TouchSendNoticeDemo\TouchSendNoticeDemo.csproj
	EndGlobalSection
EndGlobal
