
Microsoft Visual Studio Solution File, Format Version 12.00
# Visual Studio 2012
Project("{FAE04EC0-301F-11D3-BF4B-00C04F79EFBC}") = "ECLImagePickerControllerTest", "ECLImagePickerControllerTest\ECLImagePickerControllerTest.csproj", "{AE8F9660-3264-427B-AFC8-DA2CCD4EEB88}"
EndProject
Project("{FAE04EC0-301F-11D3-BF4B-00C04F79EFBC}") = "ELCImagePickerControllerBinding", "ELCImagePickerControllerBinding\ELCImagePickerControllerBinding.csproj", "{3774212A-99DD-4A28-B29D-A9BC72828E4B}"
EndProject
Global
	GlobalSection(SolutionConfigurationPlatforms) = preSolution
		Debug|iPhoneSimulator = Debug|iPhoneSimulator
		Release|iPhoneSimulator = Release|iPhoneSimulator
		Debug|iPhone = Debug|iPhone
		Release|iPhone = Release|iPhone
		Ad-Hoc|iPhone = Ad-Hoc|iPhone
		AppStore|iPhone = AppStore|iPhone
	EndGlobalSection
	GlobalSection(ProjectConfigurationPlatforms) = postSolution
		{3774212A-99DD-4A28-B29D-A9BC72828E4B}.Ad-Hoc|iPhone.ActiveCfg = Release|Any CPU
		{3774212A-99DD-4A28-B29D-A9BC72828E4B}.Ad-Hoc|iPhone.Build.0 = Release|Any CPU
		{3774212A-99DD-4A28-B29D-A9BC72828E4B}.AppStore|iPhone.ActiveCfg = Release|Any CPU
		{3774212A-99DD-4A28-B29D-A9BC72828E4B}.AppStore|iPhone.Build.0 = Release|Any CPU
		{3774212A-99DD-4A28-B29D-A9BC72828E4B}.Debug|iPhone.ActiveCfg = Debug|Any CPU
		{3774212A-99DD-4A28-B29D-A9BC72828E4B}.Debug|iPhone.Build.0 = Debug|Any CPU
		{3774212A-99DD-4A28-B29D-A9BC72828E4B}.Debug|iPhoneSimulator.ActiveCfg = Debug|Any CPU
		{3774212A-99DD-4A28-B29D-A9BC72828E4B}.Debug|iPhoneSimulator.Build.0 = Debug|Any CPU
		{3774212A-99DD-4A28-B29D-A9BC72828E4B}.Release|iPhone.ActiveCfg = Release|Any CPU
		{3774212A-99DD-4A28-B29D-A9BC72828E4B}.Release|iPhone.Build.0 = Release|Any CPU
		{3774212A-99DD-4A28-B29D-A9BC72828E4B}.Release|iPhoneSimulator.ActiveCfg = Release|Any CPU
		{3774212A-99DD-4A28-B29D-A9BC72828E4B}.Release|iPhoneSimulator.Build.0 = Release|Any CPU
		{AE8F9660-3264-427B-AFC8-DA2CCD4EEB88}.Ad-Hoc|iPhone.ActiveCfg = Ad-Hoc|iPhone
		{AE8F9660-3264-427B-AFC8-DA2CCD4EEB88}.Ad-Hoc|iPhone.Build.0 = Ad-Hoc|iPhone
		{AE8F9660-3264-427B-AFC8-DA2CCD4EEB88}.AppStore|iPhone.ActiveCfg = AppStore|iPhone
		{AE8F9660-3264-427B-AFC8-DA2CCD4EEB88}.AppStore|iPhone.Build.0 = AppStore|iPhone
		{AE8F9660-3264-427B-AFC8-DA2CCD4EEB88}.Debug|iPhone.ActiveCfg = Debug|iPhone
		{AE8F9660-3264-427B-AFC8-DA2CCD4EEB88}.Debug|iPhone.Build.0 = Debug|iPhone
		{AE8F9660-3264-427B-AFC8-DA2CCD4EEB88}.Debug|iPhoneSimulator.ActiveCfg = Debug|iPhoneSimulator
		{AE8F9660-3264-427B-AFC8-DA2CCD4EEB88}.Debug|iPhoneSimulator.Build.0 = Debug|iPhoneSimulator
		{AE8F9660-3264-427B-AFC8-DA2CCD4EEB88}.Release|iPhone.ActiveCfg = Release|iPhone
		{AE8F9660-3264-427B-AFC8-DA2CCD4EEB88}.Release|iPhone.Build.0 = Release|iPhone
		{AE8F9660-3264-427B-AFC8-DA2CCD4EEB88}.Release|iPhoneSimulator.ActiveCfg = Release|iPhoneSimulator
		{AE8F9660-3264-427B-AFC8-DA2CCD4EEB88}.Release|iPhoneSimulator.Build.0 = Release|iPhoneSimulator
	EndGlobalSection
EndGlobal
